{
  "version": "4",
  "specifiers": {
    "npm:@types/node@*": "22.5.4"
  },
  "npm": {
    "@types/node@22.5.4": {
      "integrity": "sha512-FDuKUJQm/ju9fT/SeX/6+gBzoPzlVCzfzmGkwKvRHQVxi4BntVbyIwf6a4Xn62mrvndLiml6z/UBXIdEVjQLXg==",
      "dependencies": [
        "undici-types"
      ]
    },
    "undici-types@6.19.8": {
      "integrity": "sha512-ve2KP6f/JnbPBFyobGHuerC9g1FYGn/F8n1LWTwNxCEzd6IfqTwUQcNXgEtmmQ6DlRrC1hrSrBnCZPokRrDHjw=="
    }
  },
  "redirects": {
    "https://esm.sh/@langchain/core@~0.1.13/embeddings?target=denonext": "https://esm.sh/@langchain/core@0.1.63/embeddings?target=denonext",
    "https://esm.sh/@langchain/core@~0.1.13/language_models/base?target=denonext": "https://esm.sh/@langchain/core@0.1.63/language_models/base?target=denonext",
    "https://esm.sh/@langchain/core@~0.1.13/language_models/chat_models?target=denonext": "https://esm.sh/@langchain/core@0.1.63/language_models/chat_models?target=denonext",
    "https://esm.sh/@langchain/core@~0.1.13/language_models/llms?target=denonext": "https://esm.sh/@langchain/core@0.1.63/language_models/llms?target=denonext",
    "https://esm.sh/@langchain/core@~0.1.13/messages?target=denonext": "https://esm.sh/@langchain/core@0.1.63/messages?target=denonext",
    "https://esm.sh/@langchain/core@~0.1.13/outputs?target=denonext": "https://esm.sh/@langchain/core@0.1.63/outputs?target=denonext",
    "https://esm.sh/@langchain/core@~0.1.13/utils/chunk_array?target=denonext": "https://esm.sh/@langchain/core@0.1.63/utils/chunk_array?target=denonext",
    "https://esm.sh/@langchain/core@~0.1.13/utils/env?target=denonext": "https://esm.sh/@langchain/core@0.1.63/utils/env?target=denonext",
    "https://esm.sh/@langchain/core@~0.1.13/utils/function_calling?target=denonext": "https://esm.sh/@langchain/core@0.1.63/utils/function_calling?target=denonext",
    "https://esm.sh/@types/retry@~0.12.5/index.d.ts": "https://esm.sh/@types/retry@0.12.5/index.d.ts",
    "https://esm.sh/@types/uuid@~9.0.8/index.d.mts": "https://esm.sh/@types/uuid@9.0.8/index.d.mts",
    "https://esm.sh/ansi-styles@^5.0.0?target=denonext": "https://esm.sh/ansi-styles@5.2.0?target=denonext",
    "https://esm.sh/base64-js@^1.5.1?target=denonext": "https://esm.sh/base64-js@1.5.1?target=denonext",
    "https://esm.sh/camelcase@6?target=denonext": "https://esm.sh/camelcase@6.3.0?target=denonext",
    "https://esm.sh/eventemitter3@^4.0.4?target=denonext": "https://esm.sh/eventemitter3@4.0.7?target=denonext",
    "https://esm.sh/js-tiktoken@^1.0.12/lite?target=denonext": "https://esm.sh/js-tiktoken@1.0.16/lite?target=denonext",
    "https://esm.sh/langsmith@~0.1.7?target=denonext": "https://esm.sh/langsmith@0.1.68?target=denonext",
    "https://esm.sh/openai@^4.24.2?target=denonext": "https://esm.sh/openai@4.80.1?target=denonext",
    "https://esm.sh/p-finally@^1.0.0?target=denonext": "https://esm.sh/p-finally@1.0.0?target=denonext",
    "https://esm.sh/p-queue@^6.6.2?target=denonext": "https://esm.sh/p-queue@6.6.2?target=denonext",
    "https://esm.sh/p-retry@4?target=denonext": "https://esm.sh/p-retry@4.6.2?target=denonext",
    "https://esm.sh/p-timeout@^3.2.0?target=denonext": "https://esm.sh/p-timeout@3.2.0?target=denonext",
    "https://esm.sh/retry@^0.13.1?target=denonext": "https://esm.sh/retry@0.13.1?target=denonext",
    "https://esm.sh/uuid@^9.0.0?target=denonext": "https://esm.sh/uuid@9.0.1?target=denonext",
    "https://esm.sh/zod-to-json-schema@^3.22.3?target=denonext": "https://esm.sh/zod-to-json-schema@3.24.1?target=denonext",
    "https://esm.sh/zod@^3.20.0?target=denonext": "https://esm.sh/zod@3.24.1?target=denonext",
    "https://esm.sh/zod@^3.22.4?target=denonext": "https://esm.sh/zod@3.24.1?target=denonext",
    "https://esm.sh/zod@^3.24.1?target=denonext": "https://esm.sh/zod@3.24.1?target=denonext"
  },
  "remote": {
    "https://deno.land/std@0.208.0/assert/_constants.ts": "8a9da298c26750b28b326b297316cdde860bc237533b07e1337c021379e6b2a9",
    "https://deno.land/std@0.208.0/assert/_diff.ts": "58e1461cc61d8eb1eacbf2a010932bf6a05b79344b02ca38095f9b805795dc48",
    "https://deno.land/std@0.208.0/assert/_format.ts": "a69126e8a469009adf4cf2a50af889aca364c349797e63174884a52ff75cf4c7",
    "https://deno.land/std@0.208.0/assert/assert.ts": "9a97dad6d98c238938e7540736b826440ad8c1c1e54430ca4c4e623e585607ee",
    "https://deno.land/std@0.208.0/assert/assert_almost_equals.ts": "e15ca1f34d0d5e0afae63b3f5d975cbd18335a132e42b0c747d282f62ad2cd6c",
    "https://deno.land/std@0.208.0/assert/assert_array_includes.ts": "6856d7f2c3544bc6e62fb4646dfefa3d1df5ff14744d1bca19f0cbaf3b0d66c9",
    "https://deno.land/std@0.208.0/assert/assert_equals.ts": "d8ec8a22447fbaf2fc9d7c3ed2e66790fdb74beae3e482855d75782218d68227",
    "https://deno.land/std@0.208.0/assert/assert_exists.ts": "407cb6b9fb23a835cd8d5ad804e2e2edbbbf3870e322d53f79e1c7a512e2efd7",
    "https://deno.land/std@0.208.0/assert/assert_false.ts": "0ccbcaae910f52c857192ff16ea08bda40fdc79de80846c206bfc061e8c851c6",
    "https://deno.land/std@0.208.0/assert/assert_greater.ts": "ae2158a2d19313bf675bf7251d31c6dc52973edb12ac64ac8fc7064152af3e63",
    "https://deno.land/std@0.208.0/assert/assert_greater_or_equal.ts": "1439da5ebbe20855446cac50097ac78b9742abe8e9a43e7de1ce1426d556e89c",
    "https://deno.land/std@0.208.0/assert/assert_instance_of.ts": "3aedb3d8186e120812d2b3a5dea66a6e42bf8c57a8bd927645770bd21eea554c",
    "https://deno.land/std@0.208.0/assert/assert_is_error.ts": "c21113094a51a296ffaf036767d616a78a2ae5f9f7bbd464cd0197476498b94b",
    "https://deno.land/std@0.208.0/assert/assert_less.ts": "aec695db57db42ec3e2b62e97e1e93db0063f5a6ec133326cc290ff4b71b47e4",
    "https://deno.land/std@0.208.0/assert/assert_less_or_equal.ts": "5fa8b6a3ffa20fd0a05032fe7257bf985d207b85685fdbcd23651b70f928c848",
    "https://deno.land/std@0.208.0/assert/assert_match.ts": "c4083f80600bc190309903c95e397a7c9257ff8b5ae5c7ef91e834704e672e9b",
    "https://deno.land/std@0.208.0/assert/assert_not_equals.ts": "9f1acab95bd1f5fc9a1b17b8027d894509a745d91bac1718fdab51dc76831754",
    "https://deno.land/std@0.208.0/assert/assert_not_instance_of.ts": "0c14d3dfd9ab7a5276ed8ed0b18c703d79a3d106102077ec437bfe7ed912bd22",
    "https://deno.land/std@0.208.0/assert/assert_not_match.ts": "3796a5b0c57a1ce6c1c57883dd4286be13a26f715ea662318ab43a8491a13ab0",
    "https://deno.land/std@0.208.0/assert/assert_not_strict_equals.ts": "4cdef83df17488df555c8aac1f7f5ec2b84ad161b6d0645ccdbcc17654e80c99",
    "https://deno.land/std@0.208.0/assert/assert_object_match.ts": "d8fc2867cfd92eeacf9cea621e10336b666de1874a6767b5ec48988838370b54",
    "https://deno.land/std@0.208.0/assert/assert_rejects.ts": "45c59724de2701e3b1f67c391d6c71c392363635aad3f68a1b3408f9efca0057",
    "https://deno.land/std@0.208.0/assert/assert_strict_equals.ts": "b1f538a7ea5f8348aeca261d4f9ca603127c665e0f2bbfeb91fa272787c87265",
    "https://deno.land/std@0.208.0/assert/assert_string_includes.ts": "b821d39ebf5cb0200a348863c86d8c4c4b398e02012ce74ad15666fc4b631b0c",
    "https://deno.land/std@0.208.0/assert/assert_throws.ts": "63784e951475cb7bdfd59878cd25a0931e18f6dc32a6077c454b2cd94f4f4bcd",
    "https://deno.land/std@0.208.0/assert/assertion_error.ts": "4d0bde9b374dfbcbe8ac23f54f567b77024fb67dbb1906a852d67fe050d42f56",
    "https://deno.land/std@0.208.0/assert/equal.ts": "9f1a46d5993966d2596c44e5858eec821859b45f783a5ee2f7a695dfc12d8ece",
    "https://deno.land/std@0.208.0/assert/fail.ts": "c36353d7ae6e1f7933d45f8ea51e358c8c4b67d7e7502028598fe1fea062e278",
    "https://deno.land/std@0.208.0/assert/mod.ts": "37c49a26aae2b254bbe25723434dc28cd7532e444cf0b481a97c045d110ec085",
    "https://deno.land/std@0.208.0/assert/unimplemented.ts": "d56fbeecb1f108331a380f72e3e010a1f161baa6956fd0f7cf3e095ae1a4c75a",
    "https://deno.land/std@0.208.0/assert/unreachable.ts": "4600dc0baf7d9c15a7f7d234f00c23bca8f3eba8b140286aaca7aa998cf9a536",
    "https://deno.land/std@0.208.0/fmt/colors.ts": "34b3f77432925eb72cf0bfb351616949746768620b8e5ead66da532f93d10ba2",
    "https://esm.sh/@langchain/core@0.1.0/denonext/dist/load/map_keys.mjs": "fbcb71689278f0cefe647a850092cfc7bf366d459906e1c3f71f8f1453a86f88",
    "https://esm.sh/@langchain/core@0.1.0/denonext/dist/load/serializable.mjs": "12e9cdbef4c72c5efa09d02c21486bb390d11e05d7f857a6ab78a6003f0d361e",
    "https://esm.sh/@langchain/core@0.1.0/denonext/dist/messages/index.mjs": "729b180eecaac33b9efd3f9e36f585c1fab8aa7d860067120ed2fa46f692ebfd",
    "https://esm.sh/@langchain/core@0.1.0/denonext/messages.mjs": "0d993369bf57de8cd659e007d8b62aeb047ba0abb7dc9a440745ea9687785d36",
    "https://esm.sh/@langchain/core@0.1.0/messages": "603b9f2f97c57ef5c2a1b02838176320e5ded839398bae1f4eee14edcd85232c",
    "https://esm.sh/@langchain/core@0.1.63/denonext/dist/caches.mjs": "21f0c24239f84c52ee0faac7176382cacb220f20b1b3f6f70db4fcafcb700b51",
    "https://esm.sh/@langchain/core@0.1.63/denonext/dist/callbacks/base.mjs": "76070dbd8345c1bce3786c9e012640ac4de10f4699bc7b396aa8b18e5752229b",
    "https://esm.sh/@langchain/core@0.1.63/denonext/dist/callbacks/manager.mjs": "7fc3dc570b0c5bde3bc1fcd33a8c46b9fb21332a6a6e5828f8182e48aade1a30",
    "https://esm.sh/@langchain/core@0.1.63/denonext/dist/callbacks/promises.mjs": "e65ddb96d07a0898b0e8049abcc9452619fea271f589f26903851dfce6509346",
    "https://esm.sh/@langchain/core@0.1.63/denonext/dist/embeddings.mjs": "5112fd5f8bcb25c3f42cf6057899c93a590e88adfe8cf7e3885cce7f852b5f89",
    "https://esm.sh/@langchain/core@0.1.63/denonext/dist/language_models/base.mjs": "6ed00d5786b8670ff75f3877c44043d507f738fd697565a0f1d001928dbcecaa",
    "https://esm.sh/@langchain/core@0.1.63/denonext/dist/language_models/chat_models.mjs": "dd70643981f27ad8b17f64ec0237853a3ed75ff219d2901e8e88cea9b487e9f3",
    "https://esm.sh/@langchain/core@0.1.63/denonext/dist/language_models/llms.mjs": "a429b7bccee25846810b2f712d55df873ce224de057f2ef31abca05171dd3ca9",
    "https://esm.sh/@langchain/core@0.1.63/denonext/dist/load/map_keys.mjs": "af6da287f4ef61388e32173018f9893cabf982dd5835bdbdf8040169d696e015",
    "https://esm.sh/@langchain/core@0.1.63/denonext/dist/load/serializable.mjs": "ff59b06ba61778f6a89198a93a12540365f1a55968a3b1a64f5659c909fb4cc1",
    "https://esm.sh/@langchain/core@0.1.63/denonext/dist/messages/base.mjs": "8eac309ac06038bb3baa888def575c5e95cf11bb57fbeba9ce9bfbd98cc87544",
    "https://esm.sh/@langchain/core@0.1.63/denonext/dist/messages/index.mjs": "3aafcd15aa87711f7bf61cc1f7dd43004cde61c0a5e8a2b8d7894cf5eb737952",
    "https://esm.sh/@langchain/core@0.1.63/denonext/dist/messages/tool.mjs": "0ae1d7dd5d0264e3e68ca355b424189f522a1e3b44cbe735f435bd5ac969ca35",
    "https://esm.sh/@langchain/core@0.1.63/denonext/dist/outputs.mjs": "36eba73ab82a4af462e30ca6a46dfb5f894008b45e549e2ecef7c4923576ec49",
    "https://esm.sh/@langchain/core@0.1.63/denonext/dist/prompt_values.mjs": "6678c8e3604753236c98370a255dfbf7eee91080c80f3aca027c0615499016a9",
    "https://esm.sh/@langchain/core@0.1.63/denonext/dist/runnables/base.mjs": "9f4dda4b41e1736e9eb9c617ce8c6c67602f274fb0043657554094c93d9d2ffc",
    "https://esm.sh/@langchain/core@0.1.63/denonext/dist/runnables/config.mjs": "2ccc8d134e9434a9a10ab920c781e2cca59104cd0ed90030a952fc02f4ab5b7a",
    "https://esm.sh/@langchain/core@0.1.63/denonext/dist/singletons/index.mjs": "d6ac6ba30d5a856f9263a53ff67f6771e3d24bc043f00e8ff1dc68efd3831bc8",
    "https://esm.sh/@langchain/core@0.1.63/denonext/dist/tracers/base.mjs": "e257d453ba1d9afe8debdc4ddb3821c93e2d442c609d46ba20632168eb2567e0",
    "https://esm.sh/@langchain/core@0.1.63/denonext/dist/tracers/console.mjs": "a7cfbe41d69f26ff5e81158bec0595691b9cb73ef5226ad1978a3017d7982a1a",
    "https://esm.sh/@langchain/core@0.1.63/denonext/dist/tracers/initialize.mjs": "5bcb4cd813bb06a733fc16f801fee78d26a65ad31b9901e752fad56748fdccfd",
    "https://esm.sh/@langchain/core@0.1.63/denonext/dist/tracers/log_stream.mjs": "22ee95905824c96e3a4f668085ec77632df66ee237da3b31701f5f0697f917c5",
    "https://esm.sh/@langchain/core@0.1.63/denonext/dist/tracers/tracer_langchain.mjs": "5c85a89944d647c3c8d213698f99bd2fed9296733b42729907cd0ceb3604c258",
    "https://esm.sh/@langchain/core@0.1.63/denonext/dist/tracers/tracer_langchain_v1.mjs": "9a58defb09012e374ffa9bdeab0bc1c4a69819f54cbc18470bcb02d0b74fd805",
    "https://esm.sh/@langchain/core@0.1.63/denonext/dist/utils/async_caller.mjs": "274fa28eda9fb4a185a0107206f70760bbd9491f4608e93edd330b8fa9c39aae",
    "https://esm.sh/@langchain/core@0.1.63/denonext/dist/utils/chunk_array.mjs": "e6c2b543d062dbee1d1d109bed01e4e29c0676149d50555e4cdc7227da0ced1e",
    "https://esm.sh/@langchain/core@0.1.63/denonext/dist/utils/env.mjs": "660ebad76d2bf942d2075c692c50a4cc244c12402eb0787c6abd987802421543",
    "https://esm.sh/@langchain/core@0.1.63/denonext/dist/utils/fast-json-patch/index.mjs": "af1ba60d3ca68ddd2f9b42430e1ca0bfa2b0735df823d3d6e9e48dd8f2fb1a5d",
    "https://esm.sh/@langchain/core@0.1.63/denonext/dist/utils/fast-json-patch/src/helpers.mjs": "ffd17bcd2eecdf5424c0620202c6f22ae4f04863d738084ac5dbf5deb98f0139",
    "https://esm.sh/@langchain/core@0.1.63/denonext/dist/utils/function_calling.mjs": "1142fcfc5460a7c29bbe4360f5a86476084be09a01c37abc41f39c8a8ad2a7d2",
    "https://esm.sh/@langchain/core@0.1.63/denonext/dist/utils/hash.mjs": "4a03b9a8188cdc833829080a55ceb475476cf8028e562cb40206bec1fe40d6d3",
    "https://esm.sh/@langchain/core@0.1.63/denonext/dist/utils/json.mjs": "e914d70e930247b796528734c8e33486e6ea7eae1498fb44a8554968da417277",
    "https://esm.sh/@langchain/core@0.1.63/denonext/dist/utils/stream.mjs": "751784d5939769916cfae8b71554bf1ffdb40f4bbb48ad332af7f5cbe40b4444",
    "https://esm.sh/@langchain/core@0.1.63/denonext/dist/utils/tiktoken.mjs": "25cb6185fbd03b06688512c820e1bc61116d578fd9d62f2a0c95ca9a9dcd0234",
    "https://esm.sh/@langchain/core@0.1.63/denonext/embeddings.mjs": "f779833273ebd99a940b43fe8ff5f100bf6341099e0e05ac1f7b643aa9a45222",
    "https://esm.sh/@langchain/core@0.1.63/denonext/language_models/base.mjs": "0118cb3ec7f3c2e1c3a3bcba1bf99d6403c78082bcbcf3d439ab05589818e33e",
    "https://esm.sh/@langchain/core@0.1.63/denonext/language_models/chat_models.mjs": "e5aba3f43382f487ad32823124edfaa4cd21f79d39d69198cb6cf1e151c7bbd7",
    "https://esm.sh/@langchain/core@0.1.63/denonext/language_models/llms.mjs": "6eebbc631c75ec9ff7c335faa9c02adde403593722103ab237346b111a07905f",
    "https://esm.sh/@langchain/core@0.1.63/denonext/messages.mjs": "d889a593f803509303fe1fc020846c2e4288d4c2e9536c5f20c310e63f7602f4",
    "https://esm.sh/@langchain/core@0.1.63/denonext/outputs.mjs": "87729da38afaf03493b80c554f524e1bd89ba09df7182860d96e6e250e27ec39",
    "https://esm.sh/@langchain/core@0.1.63/denonext/utils/chunk_array.mjs": "529870d675b7fca87d65ec6903c6ad24d50108bd8b267c5eee3da38354d20707",
    "https://esm.sh/@langchain/core@0.1.63/denonext/utils/env.mjs": "84b683a51b6ec633b73a2a6c95a80afb1f6cac14ccffb4c2885d5e59b0c496ca",
    "https://esm.sh/@langchain/core@0.1.63/denonext/utils/function_calling.mjs": "a38d57435a974dd0273c2d3112feeb50d016f741203b75079eb7382154577923",
    "https://esm.sh/@langchain/core@0.1.63/embeddings?target=denonext": "ace56c52accf9ee0fe3d8b035679b39dffa6169c80302d712a0b08432d2f326e",
    "https://esm.sh/@langchain/core@0.1.63/language_models/base?target=denonext": "39c43c69153954f9294e6a702b1f50543c5d9ab41bc9762aa4ce5a5f37de1f05",
    "https://esm.sh/@langchain/core@0.1.63/language_models/chat_models?target=denonext": "cfe78ad25fcba5eae77aff5e94abfdab1174a894b376adf9c83a91c51497a217",
    "https://esm.sh/@langchain/core@0.1.63/language_models/llms?target=denonext": "e10b5bbf05282b0c7dc40716561eb32e6f080763c9e63f0344c9543e10773d76",
    "https://esm.sh/@langchain/core@0.1.63/messages": "0c7431024374d7469d8ab2a9799daa8fd903d121728bb65b24e182d2695e937f",
    "https://esm.sh/@langchain/core@0.1.63/messages?target=denonext": "0c7431024374d7469d8ab2a9799daa8fd903d121728bb65b24e182d2695e937f",
    "https://esm.sh/@langchain/core@0.1.63/outputs?target=denonext": "8f833bfbab89653d558441b519b4116502b344738f86832dadb61d718225eac9",
    "https://esm.sh/@langchain/core@0.1.63/utils/chunk_array?target=denonext": "d5448f7e79e9bc40a2b5b2e1c4d5222657b0db2b2d7d5329384c92d87bb8e1c0",
    "https://esm.sh/@langchain/core@0.1.63/utils/env?target=denonext": "818ae83342c09a22346f360bcd5e495a57f0c8c5d9e847d8b6e00ff06ed0e08d",
    "https://esm.sh/@langchain/core@0.1.63/utils/function_calling?target=denonext": "a41edb5d2cb360fc9520c3996274acbbc94c900242f5da2f4ed2ce3a178320c9",
    "https://esm.sh/@langchain/openai@0.0.12": "4d686e62604f76da3aabf78ba20d8aafe755ebc633b25aa6e8c4531b5a5ce151",
    "https://esm.sh/@langchain/openai@0.0.12/denonext/dist/index.mjs": "332901af4f2f281880cd78186218775725ef93e3a8780cef00e5dca51c783bc7",
    "https://esm.sh/@langchain/openai@0.0.12/denonext/openai.mjs": "7a177d19894d21dbddede9ded930960bdc4ea99de847a8013a571d4dc770ba15",
    "https://esm.sh/ansi-styles@5.2.0/denonext/ansi-styles.mjs": "ce79e9ce88164eab82ecef3de86d7bc1ad9386964bd196d6891edc697bc3cbad",
    "https://esm.sh/ansi-styles@5.2.0?target=denonext": "b71334924fd0368f27f7392d49b6b34d0126e5e9563a19627249ae6d798bc836",
    "https://esm.sh/base64-js@1.5.1/denonext/base64-js.mjs": "5dbae8a1d8f5789da21736786f9921727523b5ccc64cbcf9f831331c381957dc",
    "https://esm.sh/base64-js@1.5.1?target=denonext": "7c2f775b41bd5df47fedaa143e6619625c9d81f34302d6aa030e20d9a7240633",
    "https://esm.sh/camelcase@6.3.0/denonext/camelcase.mjs": "eab44559fc419fa7e6ae6fc4cd28451f9c6d4ee2567dd605e8585a56044d00e2",
    "https://esm.sh/camelcase@6.3.0?target=denonext": "1da1e72710333089af6ac2ff2419eb2ba915b5e8b9c9825ba0a5a536e192169a",
    "https://esm.sh/decamelize@1.2.0/denonext/decamelize.mjs": "2ff4bbfcaef8aca69c17054ddc945821c3ba927511f266391919ab2b304fc0ed",
    "https://esm.sh/eventemitter3@4.0.7/denonext/eventemitter3.mjs": "d26d8683d890f259d39cc334512a888d3079917477d7eb10c3cd3775831cdcc3",
    "https://esm.sh/eventemitter3@4.0.7?target=denonext": "84748b6b17ebdb58719651ec0b5e6f84e5923d97f43231c5835d74be6ce050f1",
    "https://esm.sh/js-tiktoken@1.0.16/denonext/dist/chunk-3652LHBA.mjs": "262944abb84fff78a0769cba0c9497b2375a319f097a8eb571b725b3f3394a29",
    "https://esm.sh/js-tiktoken@1.0.16/denonext/lite.mjs": "e0c349c5d178ee1e759be5f4150c05c343efcd4b61095eab9dded4d30fc80f7f",
    "https://esm.sh/js-tiktoken@1.0.16/lite?target=denonext": "32bf383d193cba0599b282ce1586637c356a97f5439091578f32bb7aad823019",
    "https://esm.sh/langsmith@0.1.68/denonext/dist/index.mjs": "e1512ed4df1cd476a05bfc17d5eb96bc5a915e8f1a2bd90351da0f55eb32ee07",
    "https://esm.sh/langsmith@0.1.68/denonext/langsmith.mjs": "f8417a6dcca458448faff6c6843b47dcdd473fbd6b3de703cb09e2481e417308",
    "https://esm.sh/langsmith@0.1.68?target=denonext": "a4bdb007994948bca3ee4ef0302f1be8f4213ef5f8e224b35162dcc31c302a82",
    "https://esm.sh/openai@4.80.1/denonext/_shims/MultipartBody.mjs": "d8c73de8433540553402da5f6889c84f078e44e0b48f94240fa679ec3b49bbfd",
    "https://esm.sh/openai@4.80.1/denonext/_shims/auto/runtime.mjs": "5ace4b6ee84b0c14b032c5a7de2bc259ad18ba0e86aa687e66c509f70ad96774",
    "https://esm.sh/openai@4.80.1/denonext/_shims/index.mjs": "d032b878da6515061d1180b2ff344403f56cbeed3460fca0a1bf4bf9df05a538",
    "https://esm.sh/openai@4.80.1/denonext/_shims/registry.mjs": "e2ca4e76f048e35c03471b2eb6f956bdca554ec85e923b3c67d0d60457f443b3",
    "https://esm.sh/openai@4.80.1/denonext/_shims/web-runtime.mjs": "db6ff2ebafc53a0c30412cdcb67fe013a92fbf1db5b15cf2022a4f266d9bb4ed",
    "https://esm.sh/openai@4.80.1/denonext/_vendor/partial-json-parser/parser.mjs": "d78ba43cfca2d513a5f6d45bbeeafa4c32c14291ad1ea895d6d5190d090d2be6",
    "https://esm.sh/openai@4.80.1/denonext/core.mjs": "d1788ee101b6c38270d2bf61013abfef023349f5c2bc40cd53c0de89b7ad7617",
    "https://esm.sh/openai@4.80.1/denonext/error.mjs": "95aecef0d7d12807fc1359de0b75dad8aeb4dd3d793b345b047aae808fb3c0f7",
    "https://esm.sh/openai@4.80.1/denonext/internal/decoders/line.mjs": "773c91f45e6fa311e41f0e39856d0a23d94504d8c938b0bf3abdb9ff4386b3a1",
    "https://esm.sh/openai@4.80.1/denonext/internal/qs/formats.mjs": "7b4fad64aa9b185bb36090b7da7a891d71e08b17ab3f2feda24d0faff7bc464a",
    "https://esm.sh/openai@4.80.1/denonext/internal/qs/index.mjs": "4a4c6823a2488856581663aa70665a4e1c741e1f23bb4ca685e3031a59bd2a39",
    "https://esm.sh/openai@4.80.1/denonext/internal/qs/stringify.mjs": "b7f1ae33e1050adb68ab92ceba4af28fbbce992fcd60a4ccaae6133a57db4d3a",
    "https://esm.sh/openai@4.80.1/denonext/internal/qs/utils.mjs": "185cbed2456f7e6d613146beafd496daa38fab83d5b37fcbaffd2286dfe71d59",
    "https://esm.sh/openai@4.80.1/denonext/internal/stream-utils.mjs": "5c540f168cbdd08d19504908fd1d69fe70ba1bd87ef33c6bd2432b007ddbb221",
    "https://esm.sh/openai@4.80.1/denonext/lib/AbstractChatCompletionRunner.mjs": "b8d502315630280520e398353cea48a9724b5ea787c80687839b2a6f9652ffb7",
    "https://esm.sh/openai@4.80.1/denonext/lib/AssistantStream.mjs": "492d5513495eec273bc608b4d03b24fc80189c20b4b7f0d71c60d931a348a174",
    "https://esm.sh/openai@4.80.1/denonext/lib/ChatCompletionRunner.mjs": "2a517648ccef17895f8975ec23a492192cfc89d789bdf0e2541aadc22b4bda51",
    "https://esm.sh/openai@4.80.1/denonext/lib/ChatCompletionStream.mjs": "957af00e94d33cb92d43375a7a92cf0930ee27da75841d106d8d4f7b1e1a0f13",
    "https://esm.sh/openai@4.80.1/denonext/lib/ChatCompletionStreamingRunner.mjs": "50a67a17fc7368ff1cad4a8d036765f657aa053fe631d4774ed78e31ede3eb13",
    "https://esm.sh/openai@4.80.1/denonext/lib/EventStream.mjs": "f99627d784247cbf3a1cb4f057ab68f29b35658ad2c0496094b3d7e3400d4d79",
    "https://esm.sh/openai@4.80.1/denonext/lib/RunnableFunction.mjs": "65b7c7bb06a7cbbd1c0f9f63a8a87f67281a19f7aa7d6843210d03052bf082f8",
    "https://esm.sh/openai@4.80.1/denonext/lib/Util.mjs": "e1490a1a76fe4898632fc2b30a98237b3cbd5aac1f5f225d091452e806c92d28",
    "https://esm.sh/openai@4.80.1/denonext/lib/chatCompletionUtils.mjs": "0b4341c72f3ed3350088c6863a47c7745fe159a8a888782421a799fde96383c8",
    "https://esm.sh/openai@4.80.1/denonext/lib/parser.mjs": "3bdcf22b645391b221eea0bdea5deccf132e8896682bf7fd6f29edcfe754a0a6",
    "https://esm.sh/openai@4.80.1/denonext/openai.mjs": "b14f1c9fc6a550edcf78fd30dd6ebf26c1a799903a3e85e90b65482d37cb9010",
    "https://esm.sh/openai@4.80.1/denonext/pagination.mjs": "db6bdcc24d4701453b3d295383373c33d5efe4d05ac3cb41fc312c0868c5ddd3",
    "https://esm.sh/openai@4.80.1/denonext/resource.mjs": "40f8cd4f0007440e5b143e22b006e811823963bd8e79bffb09f4a6d4436682ea",
    "https://esm.sh/openai@4.80.1/denonext/resources/audio/audio.mjs": "c9f8636767a8e3eb88be6146cd53f4fd5852959191a97276703e3fe3ff70ab6b",
    "https://esm.sh/openai@4.80.1/denonext/resources/audio/speech.mjs": "d2dace63b3654b5ed78f53efa5de4fa4ffdc23308ff2c386aa467e52a3347e14",
    "https://esm.sh/openai@4.80.1/denonext/resources/audio/transcriptions.mjs": "b56b01cccf9d1733c3f33f44b70cc9c7db2b0d46cc892cfd43ffa5a913f0047b",
    "https://esm.sh/openai@4.80.1/denonext/resources/audio/translations.mjs": "fbcc631b0f93ca3081da708221a528009f55adbd1de7fbd48d3c8673752151dd",
    "https://esm.sh/openai@4.80.1/denonext/resources/batches.mjs": "dfc4c151c8ed3002deb20cdb8ddd5082c6532210e491b8bef3899216dcc79d6f",
    "https://esm.sh/openai@4.80.1/denonext/resources/beta/assistants.mjs": "28d185c948f96df6edc4614e168c66b51c42bd0cb720cb32b0c19ba1cd902fc2",
    "https://esm.sh/openai@4.80.1/denonext/resources/beta/beta.mjs": "340f2a6fb54cbef3f5a5cfbd52440cc47b1d99c66f37aeefc05b7438d257bf02",
    "https://esm.sh/openai@4.80.1/denonext/resources/beta/chat/chat.mjs": "ffa82cd859dbb6093bd7d4cb740d6ba13f99f60509f7f9fe889f5ae4ee40e5c9",
    "https://esm.sh/openai@4.80.1/denonext/resources/beta/chat/completions.mjs": "2510a7113305ca578c38d13df812612df0366f1ea51cc1db93a1d1fcaccda1c9",
    "https://esm.sh/openai@4.80.1/denonext/resources/beta/realtime/realtime.mjs": "bbce581dfd1eb47d25d079aba70751f41b0d4a9981381827d5a5b9e19455ea8e",
    "https://esm.sh/openai@4.80.1/denonext/resources/beta/realtime/sessions.mjs": "410439748f2242e3f3eb640e0b5a7478b1cc0d02c9738a7c74c161a89faa70d4",
    "https://esm.sh/openai@4.80.1/denonext/resources/beta/threads/messages.mjs": "4458e5f660efcee9c4e0e92ccf2fcbaef7b62859a877403d25ab69fb7abea486",
    "https://esm.sh/openai@4.80.1/denonext/resources/beta/threads/runs/runs.mjs": "2fbffadd026653747e5ad12db95f77a23d7a2fbd350d2945b4e943fbd4586bf6",
    "https://esm.sh/openai@4.80.1/denonext/resources/beta/threads/runs/steps.mjs": "fd650c6edaa6a10dd47a8fd04f92bcc886357831fe0d99f62178ba02ac6afddb",
    "https://esm.sh/openai@4.80.1/denonext/resources/beta/threads/threads.mjs": "64f20399845f892734d7d47507c3142663d8a2af7633546d0893c1458f57ab72",
    "https://esm.sh/openai@4.80.1/denonext/resources/beta/vector-stores/file-batches.mjs": "1a74d049d5b94abcbca5db796eac148771a32d3c3b655a957e7a14c5fdc515db",
    "https://esm.sh/openai@4.80.1/denonext/resources/beta/vector-stores/files.mjs": "02bca411e41d88aa1b1fcedffa07fd0e7e437ff14bbd025a8241af47a7650044",
    "https://esm.sh/openai@4.80.1/denonext/resources/beta/vector-stores/vector-stores.mjs": "a0a9a8fc6930689ccf2482506a7c689c71c060c39565506ccc9563f1ba05cfba",
    "https://esm.sh/openai@4.80.1/denonext/resources/chat/chat.mjs": "c2e4716b5a57fa650f8ae8310a50a549bd8561c5e48138586a212b2aff5014be",
    "https://esm.sh/openai@4.80.1/denonext/resources/chat/completions.mjs": "82641ce7d123bb4450a3edad87c2d21dd86927cce9d5101fc9a7cdd1c456b420",
    "https://esm.sh/openai@4.80.1/denonext/resources/chat/index.mjs": "68c8968e390f06a8c699e7c56e40cc111ba3e15050c43c4a927d0c4959d221f7",
    "https://esm.sh/openai@4.80.1/denonext/resources/completions.mjs": "48a9f860641cc68be21eba0ad76dd50fff7109205789e57209b0f2923c41715c",
    "https://esm.sh/openai@4.80.1/denonext/resources/embeddings.mjs": "08ab9c894c282543d78c1779736c5e23308a29ed299c968d4403f93956bc4606",
    "https://esm.sh/openai@4.80.1/denonext/resources/files.mjs": "2122d09623a61be5137fa0d5b615af4f8e1caf5fd239711e5e98fefa31111494",
    "https://esm.sh/openai@4.80.1/denonext/resources/fine-tuning/fine-tuning.mjs": "7c50e0112971533717cdf001ece1d9774cd06794683b45828192c24548b5a34a",
    "https://esm.sh/openai@4.80.1/denonext/resources/fine-tuning/jobs/checkpoints.mjs": "e3197a4799ce9ae472313dfe730266250f526ed371ea65d8ef01e08a3938c5f5",
    "https://esm.sh/openai@4.80.1/denonext/resources/fine-tuning/jobs/jobs.mjs": "a878ce1e3f339716f510ad2a8e5eabda35551f40955f18b8d82613dc51d871b9",
    "https://esm.sh/openai@4.80.1/denonext/resources/images.mjs": "6dc08d95f7e197bc6c5d13fa942f1eeb4d1a7b852dc1d4abd820cfbda6c1abe3",
    "https://esm.sh/openai@4.80.1/denonext/resources/index.mjs": "6fe735c5fe1c579ceb6521d81e3c95c2cb67207e514396edad6c357c080625af",
    "https://esm.sh/openai@4.80.1/denonext/resources/models.mjs": "40de30de546557d68aaab9ff9f80bb50a2712b287d8915c42706ec684b61fe4f",
    "https://esm.sh/openai@4.80.1/denonext/resources/moderations.mjs": "99649c35c6904bdfc5d9cc688951ef23f47d2cf827c93fe4ab32c1bbfbd33fa2",
    "https://esm.sh/openai@4.80.1/denonext/resources/shared.mjs": "3e95c6e17339e8d64e3dec1a340bcbfe9818cce020e4f5d13b515a1961877c57",
    "https://esm.sh/openai@4.80.1/denonext/resources/uploads/parts.mjs": "62efabbd0b0186a90cf01ac4bb533566afb5efeeb7623ea605a8d0641468b4d1",
    "https://esm.sh/openai@4.80.1/denonext/resources/uploads/uploads.mjs": "2f28206d2346b6bf1a04d76bbb083d4dba7648638bd55c63ac514e4a388a8910",
    "https://esm.sh/openai@4.80.1/denonext/streaming.mjs": "cb34b5beff760c9821071c29e8369fd4a4d548c5f9822f56da9b228925487634",
    "https://esm.sh/openai@4.80.1/denonext/uploads.mjs": "62a2847c1b4f248181ee90196feab6b93eea8e5b0619eee1c4875ae7e7a7a823",
    "https://esm.sh/openai@4.80.1/denonext/version.mjs": "ef6cb7d78bec2aa2a04d923aebec0a9e6a77517c1956b47ddd8b5f5fd0e09662",
    "https://esm.sh/openai@4.80.1?target=denonext": "351f4d7a1ab5b20df4349900219d86e14d63069422ed328a30c98258b0776b29",
    "https://esm.sh/p-finally@1.0.0/denonext/p-finally.mjs": "4ab48327cfc4a6201caf9959bba7266be5d8e244ab38629da72cd9d97047cbd3",
    "https://esm.sh/p-finally@1.0.0?target=denonext": "677491f8ccddd3558bc69e4eb7d25aaaf62b320a993720cdd07ad187626181df",
    "https://esm.sh/p-queue@6.6.2/denonext/p-queue.mjs": "c704b88188a36441c0a167a738e5c5fa84056c825ee3f5075f131b432ee1a0b7",
    "https://esm.sh/p-queue@6.6.2?target=denonext": "146f529aa59344e7144aa37ab0c42eb0a6ff803849102f3941e247665c7d97b0",
    "https://esm.sh/p-retry@4.6.2/denonext/p-retry.mjs": "201a432807b70b43475e6d40db8d51ecee8307925878b365a748587bccccd929",
    "https://esm.sh/p-retry@4.6.2?target=denonext": "ccfadc4b5fb4a29393fa61e869c925e99b1304e605ccb8d7930ffec0260e0576",
    "https://esm.sh/p-timeout@3.2.0/denonext/p-timeout.mjs": "03841210df63caa4676f5501ada713604f9822d01a84f19cf404800c3241e27d",
    "https://esm.sh/p-timeout@3.2.0?target=denonext": "ed0ab87bbb2df413120ed4592d2f30bba7cdc11cbdcba91e810bb98bdb5057ae",
    "https://esm.sh/retry@0.13.1/denonext/retry.mjs": "5c13e3bef93acedbd39ce3721c8721730dcfc03f241849463a81f00ad5e67819",
    "https://esm.sh/retry@0.13.1?target=denonext": "dacad23319e574ff0f3f99524f394c14a71edebcee0b47a8a1f6213238e76fde",
    "https://esm.sh/uuid@9.0.1/denonext/uuid.mjs": "25ffc9943d4b3691671de82d30c147ecfa2a8fae6f4319db28dadb0dacc19450",
    "https://esm.sh/uuid@9.0.1?target=denonext": "11c38693969f62a617de5ceee47ddc29ae892ae81491378a933436788fad3c8b",
    "https://esm.sh/zod-to-json-schema@3.20.3/denonext/zod-to-json-schema.mjs": "5d12f01b009abc1b4f021f576cd528e267f60acae727bb58f9712e83bcd9b884",
    "https://esm.sh/zod-to-json-schema@3.24.1/denonext/zod-to-json-schema.mjs": "e06c331ee78571bd1231453c23cfb6ffdb66b421fa2be04abe093f0478a894ca",
    "https://esm.sh/zod-to-json-schema@3.24.1?target=denonext": "81ec2eb2fb6ec876c9cae8fdbebf2cf7d28170b742c5b63fe63572ce594b9bea",
    "https://esm.sh/zod@3.24.1/denonext/zod.mjs": "32cf72ac44d794592028cb8e423d1f0c80525c49acf01f702c7dc6195b94eda3",
    "https://esm.sh/zod@3.24.1?target=denonext": "d8f5c6cf2c4ed543003211dcd9278e94544788f5cb36549ee0490dd27238fe82"
  }
}
